
Microsoft Visual Studio Solution File, Format Version 12.00
# Visual Studio 15
VisualStudioVersion = 15.0.27428.2005
MinimumVisualStudioVersion = 10.0.40219.1
Project("{FAE04EC0-301F-11D3-BF4B-00C04F79EFBC}") = "Testing22", "Testing22\Testing22.csproj", "{53D4357C-2271-46F7-A44B-3F4E254BDE52}"
EndProject
Global
	GlobalSection(SolutionConfigurationPlatforms) = preSolution
		Debug|Any CPU = Debug|Any CPU
		Release|Any CPU = Release|Any CPU
	EndGlobalSection
	GlobalSection(ProjectConfigurationPlatforms) = postSolution
		{53D4357C-2271-46F7-A44B-3F4E254BDE52}.Debug|Any CPU.ActiveCfg = Debug|Any CPU
		{53D4357C-2271-46F7-A44B-3F4E254BDE52}.Debug|Any CPU.Build.0 = Debug|Any CPU
		{53D4357C-2271-46F7-A44B-3F4E254BDE52}.Release|Any CPU.ActiveCfg = Release|Any CPU
		{53D4357C-2271-46F7-A44B-3F4E254BDE52}.Release|Any CPU.Build.0 = Release|Any CPU
	EndGlobalSection
	GlobalSection(SolutionProperties) = preSolution
		HideSolutionNode = FALSE
	EndGlobalSection
	GlobalSection(ExtensibilityGlobals) = postSolution
		SolutionGuid = {8B933111-D318-4C3B-9FF6-ED129F54B3A7}
	EndGlobalSection
EndGlobal
